
Microsoft Visual Studio Solution File, Format Version 12.00
# Visual Studio 15
VisualStudioVersion = 15.0.33423.255
MinimumVisualStudioVersion = 10.0.40219.1
Project("{FAE04EC0-301F-11D3-BF4B-00C04F79EFBC}") = "demo_WeighingSystem", "Columbus_WeighingSystem\demo_WeighingSystem.csproj", "{DA128559-DFB8-4582-8D50-C959346BC1B5}"
EndProject
Project("{FAE04EC0-301F-11D3-BF4B-00C04F79EFBC}") = "Linkhub", "Linkhub\Linkhub.csproj", "{F960F70D-9C37-46F8-A1D4-938A81BE9855}"
EndProject
Project("{FAE04EC0-301F-11D3-BF4B-00C04F79EFBC}") = "Popbill", "Popbill\Popbill.csproj", "{57F03B3E-C713-443A-AC04-90291B429204}"
EndProject
Project("{FAE04EC0-301F-11D3-BF4B-00C04F79EFBC}") = "TextIndicator", "TextIndicator\TextIndicator.csproj", "{18C7948F-3899-4427-BA99-138A5AEEAF8F}"
EndProject
Project("{54435603-DBB4-11D2-8724-00A0C9A8B90C}") = "ColumbusWeighing", "ColumbusWeighing\ColumbusWeighing.vdproj", "{BEB80151-E163-40EF-8CEF-DE7DA9305076}"
EndProject
Global
	GlobalSection(SolutionConfigurationPlatforms) = preSolution
		CD_ROM|Any CPU = CD_ROM|Any CPU
		CD_ROM|x86 = CD_ROM|x86
		Debug|Any CPU = Debug|Any CPU
		Debug|x86 = Debug|x86
		DVD-5|Any CPU = DVD-5|Any CPU
		DVD-5|x86 = DVD-5|x86
		Release|Any CPU = Release|Any CPU
		Release|x86 = Release|x86
		SingleImage|Any CPU = SingleImage|Any CPU
		SingleImage|x86 = SingleImage|x86
	EndGlobalSection
	GlobalSection(ProjectConfigurationPlatforms) = postSolution
		{DA128559-DFB8-4582-8D50-C959346BC1B5}.CD_ROM|Any CPU.ActiveCfg = Release|Any CPU
		{DA128559-DFB8-4582-8D50-C959346BC1B5}.CD_ROM|Any CPU.Build.0 = Release|Any CPU
		{DA128559-DFB8-4582-8D50-C959346BC1B5}.CD_ROM|x86.ActiveCfg = Release|Any CPU
		{DA128559-DFB8-4582-8D50-C959346BC1B5}.CD_ROM|x86.Build.0 = Release|Any CPU
		{DA128559-DFB8-4582-8D50-C959346BC1B5}.Debug|Any CPU.ActiveCfg = Debug|Any CPU
		{DA128559-DFB8-4582-8D50-C959346BC1B5}.Debug|Any CPU.Build.0 = Debug|Any CPU
		{DA128559-DFB8-4582-8D50-C959346BC1B5}.Debug|x86.ActiveCfg = Debug|Any CPU
		{DA128559-DFB8-4582-8D50-C959346BC1B5}.Debug|x86.Build.0 = Debug|Any CPU
		{DA128559-DFB8-4582-8D50-C959346BC1B5}.DVD-5|Any CPU.ActiveCfg = Debug|Any CPU
		{DA128559-DFB8-4582-8D50-C959346BC1B5}.DVD-5|Any CPU.Build.0 = Debug|Any CPU
		{DA128559-DFB8-4582-8D50-C959346BC1B5}.DVD-5|x86.ActiveCfg = Debug|Any CPU
		{DA128559-DFB8-4582-8D50-C959346BC1B5}.DVD-5|x86.Build.0 = Debug|Any CPU
		{DA128559-DFB8-4582-8D50-C959346BC1B5}.Release|Any CPU.ActiveCfg = Release|Any CPU
		{DA128559-DFB8-4582-8D50-C959346BC1B5}.Release|Any CPU.Build.0 = Release|Any CPU
		{DA128559-DFB8-4582-8D50-C959346BC1B5}.Release|x86.ActiveCfg = Release|Any CPU
		{DA128559-DFB8-4582-8D50-C959346BC1B5}.Release|x86.Build.0 = Release|Any CPU
		{DA128559-DFB8-4582-8D50-C959346BC1B5}.SingleImage|Any CPU.ActiveCfg = Release|Any CPU
		{DA128559-DFB8-4582-8D50-C959346BC1B5}.SingleImage|Any CPU.Build.0 = Release|Any CPU
		{DA128559-DFB8-4582-8D50-C959346BC1B5}.SingleImage|x86.ActiveCfg = Release|Any CPU
		{DA128559-DFB8-4582-8D50-C959346BC1B5}.SingleImage|x86.Build.0 = Release|Any CPU
		{F960F70D-9C37-46F8-A1D4-938A81BE9855}.CD_ROM|Any CPU.ActiveCfg = Release|Any CPU
		{F960F70D-9C37-46F8-A1D4-938A81BE9855}.CD_ROM|Any CPU.Build.0 = Release|Any CPU
		{F960F70D-9C37-46F8-A1D4-938A81BE9855}.CD_ROM|x86.ActiveCfg = Release|Any CPU
		{F960F70D-9C37-46F8-A1D4-938A81BE9855}.CD_ROM|x86.Build.0 = Release|Any CPU
		{F960F70D-9C37-46F8-A1D4-938A81BE9855}.Debug|Any CPU.ActiveCfg = Debug|Any CPU
		{F960F70D-9C37-46F8-A1D4-938A81BE9855}.Debug|Any CPU.Build.0 = Debug|Any CPU
		{F960F70D-9C37-46F8-A1D4-938A81BE9855}.Debug|x86.ActiveCfg = Debug|Any CPU
		{F960F70D-9C37-46F8-A1D4-938A81BE9855}.Debug|x86.Build.0 = Debug|Any CPU
		{F960F70D-9C37-46F8-A1D4-938A81BE9855}.DVD-5|Any CPU.ActiveCfg = Debug|Any CPU
		{F960F70D-9C37-46F8-A1D4-938A81BE9855}.DVD-5|Any CPU.Build.0 = Debug|Any CPU
		{F960F70D-9C37-46F8-A1D4-938A81BE9855}.DVD-5|x86.ActiveCfg = Debug|Any CPU
		{F960F70D-9C37-46F8-A1D4-938A81BE9855}.DVD-5|x86.Build.0 = Debug|Any CPU
		{F960F70D-9C37-46F8-A1D4-938A81BE9855}.Release|Any CPU.ActiveCfg = Release|Any CPU
		{F960F70D-9C37-46F8-A1D4-938A81BE9855}.Release|Any CPU.Build.0 = Release|Any CPU
		{F960F70D-9C37-46F8-A1D4-938A81BE9855}.Release|x86.ActiveCfg = Release|Any CPU
		{F960F70D-9C37-46F8-A1D4-938A81BE9855}.Release|x86.Build.0 = Release|Any CPU
		{F960F70D-9C37-46F8-A1D4-938A81BE9855}.SingleImage|Any CPU.ActiveCfg = Release|Any CPU
		{F960F70D-9C37-46F8-A1D4-938A81BE9855}.SingleImage|Any CPU.Build.0 = Release|Any CPU
		{F960F70D-9C37-46F8-A1D4-938A81BE9855}.SingleImage|x86.ActiveCfg = Release|Any CPU
		{F960F70D-9C37-46F8-A1D4-938A81BE9855}.SingleImage|x86.Build.0 = Release|Any CPU
		{57F03B3E-C713-443A-AC04-90291B429204}.CD_ROM|Any CPU.ActiveCfg = Release|Any CPU
		{57F03B3E-C713-443A-AC04-90291B429204}.CD_ROM|Any CPU.Build.0 = Release|Any CPU
		{57F03B3E-C713-443A-AC04-90291B429204}.CD_ROM|x86.ActiveCfg = Release|Any CPU
		{57F03B3E-C713-443A-AC04-90291B429204}.CD_ROM|x86.Build.0 = Release|Any CPU
		{57F03B3E-C713-443A-AC04-90291B429204}.Debug|Any CPU.ActiveCfg = Debug|Any CPU
		{57F03B3E-C713-443A-AC04-90291B429204}.Debug|Any CPU.Build.0 = Debug|Any CPU
		{57F03B3E-C713-443A-AC04-90291B429204}.Debug|x86.ActiveCfg = Debug|Any CPU
		{57F03B3E-C713-443A-AC04-90291B429204}.Debug|x86.Build.0 = Debug|Any CPU
		{57F03B3E-C713-443A-AC04-90291B429204}.DVD-5|Any CPU.ActiveCfg = Debug|Any CPU
		{57F03B3E-C713-443A-AC04-90291B429204}.DVD-5|Any CPU.Build.0 = Debug|Any CPU
		{57F03B3E-C713-443A-AC04-90291B429204}.DVD-5|x86.ActiveCfg = Debug|Any CPU
		{57F03B3E-C713-443A-AC04-90291B429204}.DVD-5|x86.Build.0 = Debug|Any CPU
		{57F03B3E-C713-443A-AC04-90291B429204}.Release|Any CPU.ActiveCfg = Release|Any CPU
		{57F03B3E-C713-443A-AC04-90291B429204}.Release|Any CPU.Build.0 = Release|Any CPU
		{57F03B3E-C713-443A-AC04-90291B429204}.Release|x86.ActiveCfg = Release|Any CPU
		{57F03B3E-C713-443A-AC04-90291B429204}.Release|x86.Build.0 = Release|Any CPU
		{57F03B3E-C713-443A-AC04-90291B429204}.SingleImage|Any CPU.ActiveCfg = Release|Any CPU
		{57F03B3E-C713-443A-AC04-90291B429204}.SingleImage|Any CPU.Build.0 = Release|Any CPU
		{57F03B3E-C713-443A-AC04-90291B429204}.SingleImage|x86.ActiveCfg = Release|Any CPU
		{57F03B3E-C713-443A-AC04-90291B429204}.SingleImage|x86.Build.0 = Release|Any CPU
		{18C7948F-3899-4427-BA99-138A5AEEAF8F}.CD_ROM|Any CPU.ActiveCfg = Release|Any CPU
		{18C7948F-3899-4427-BA99-138A5AEEAF8F}.CD_ROM|Any CPU.Build.0 = Release|Any CPU
		{18C7948F-3899-4427-BA99-138A5AEEAF8F}.CD_ROM|x86.ActiveCfg = Release|x86
		{18C7948F-3899-4427-BA99-138A5AEEAF8F}.CD_ROM|x86.Build.0 = Release|x86
		{18C7948F-3899-4427-BA99-138A5AEEAF8F}.Debug|Any CPU.ActiveCfg = Debug|Any CPU
		{18C7948F-3899-4427-BA99-138A5AEEAF8F}.Debug|Any CPU.Build.0 = Debug|Any CPU
		{18C7948F-3899-4427-BA99-138A5AEEAF8F}.Debug|x86.ActiveCfg = Debug|x86
		{18C7948F-3899-4427-BA99-138A5AEEAF8F}.Debug|x86.Build.0 = Debug|x86
		{18C7948F-3899-4427-BA99-138A5AEEAF8F}.DVD-5|Any CPU.ActiveCfg = Debug|Any CPU
		{18C7948F-3899-4427-BA99-138A5AEEAF8F}.DVD-5|Any CPU.Build.0 = Debug|Any CPU
		{18C7948F-3899-4427-BA99-138A5AEEAF8F}.DVD-5|x86.ActiveCfg = Debug|x86
		{18C7948F-3899-4427-BA99-138A5AEEAF8F}.DVD-5|x86.Build.0 = Debug|x86
		{18C7948F-3899-4427-BA99-138A5AEEAF8F}.Release|Any CPU.ActiveCfg = Release|Any CPU
		{18C7948F-3899-4427-BA99-138A5AEEAF8F}.Release|Any CPU.Build.0 = Release|Any CPU
		{18C7948F-3899-4427-BA99-138A5AEEAF8F}.Release|x86.ActiveCfg = Release|x86
		{18C7948F-3899-4427-BA99-138A5AEEAF8F}.Release|x86.Build.0 = Release|x86
		{18C7948F-3899-4427-BA99-138A5AEEAF8F}.SingleImage|Any CPU.ActiveCfg = Release|Any CPU
		{18C7948F-3899-4427-BA99-138A5AEEAF8F}.SingleImage|Any CPU.Build.0 = Release|Any CPU
		{18C7948F-3899-4427-BA99-138A5AEEAF8F}.SingleImage|x86.ActiveCfg = Release|x86
		{18C7948F-3899-4427-BA99-138A5AEEAF8F}.SingleImage|x86.Build.0 = Release|x86
		{BEB80151-E163-40EF-8CEF-DE7DA9305076}.CD_ROM|Any CPU.ActiveCfg = Release
		{BEB80151-E163-40EF-8CEF-DE7DA9305076}.CD_ROM|x86.ActiveCfg = Release
		{BEB80151-E163-40EF-8CEF-DE7DA9305076}.Debug|Any CPU.ActiveCfg = Debug
		{BEB80151-E163-40EF-8CEF-DE7DA9305076}.Debug|x86.ActiveCfg = Debug
		{BEB80151-E163-40EF-8CEF-DE7DA9305076}.DVD-5|Any CPU.ActiveCfg = Debug
		{BEB80151-E163-40EF-8CEF-DE7DA9305076}.DVD-5|x86.ActiveCfg = Debug
		{BEB80151-E163-40EF-8CEF-DE7DA9305076}.Release|Any CPU.ActiveCfg = Release
		{BEB80151-E163-40EF-8CEF-DE7DA9305076}.Release|x86.ActiveCfg = Release
		{BEB80151-E163-40EF-8CEF-DE7DA9305076}.SingleImage|Any CPU.ActiveCfg = Release
		{BEB80151-E163-40EF-8CEF-DE7DA9305076}.SingleImage|x86.ActiveCfg = Release
	EndGlobalSection
	GlobalSection(SolutionProperties) = preSolution
		HideSolutionNode = FALSE
	EndGlobalSection
	GlobalSection(ExtensibilityGlobals) = postSolution
		SolutionGuid = {CA66A0DA-25C9-45D6-B591-D7955807C583}
	EndGlobalSection
EndGlobal
